
Microsoft Visual Studio Solution File, Format Version 12.00
# Visual Studio 15
Project("{FAE04EC0-301F-11D3-BF4B-00C04F79EFBC}") = "Assembly-CSharp", "Assembly-CSharp.csproj", "{93BCC0CF-F85D-7E68-4022-56533A94A847}"
EndProject
Project("{FAE04EC0-301F-11D3-BF4B-00C04F79EFBC}") = "Assembly-CSharp-Editor", "Assembly-CSharp-Editor.csproj", "{7FCDDA06-C9E3-B6F0-19FD-47D70A316E01}"
EndProject
Global
	GlobalSection(SolutionConfigurationPlatforms) = preSolution
		Debug|Any CPU = Debug|Any CPU
		Release|Any CPU = Release|Any CPU
	EndGlobalSection
	GlobalSection(ProjectConfigurationPlatforms) = postSolution
		{93BCC0CF-F85D-7E68-4022-56533A94A847}.Debug|Any CPU.ActiveCfg = Debug|Any CPU
		{93BCC0CF-F85D-7E68-4022-56533A94A847}.Debug|Any CPU.Build.0 = Debug|Any CPU
		{93BCC0CF-F85D-7E68-4022-56533A94A847}.Release|Any CPU.ActiveCfg = Release|Any CPU
		{93BCC0CF-F85D-7E68-4022-56533A94A847}.Release|Any CPU.Build.0 = Release|Any CPU
		{7FCDDA06-C9E3-B6F0-19FD-47D70A316E01}.Debug|Any CPU.ActiveCfg = Debug|Any CPU
		{7FCDDA06-C9E3-B6F0-19FD-47D70A316E01}.Debug|Any CPU.Build.0 = Debug|Any CPU
		{7FCDDA06-C9E3-B6F0-19FD-47D70A316E01}.Release|Any CPU.ActiveCfg = Release|Any CPU
		{7FCDDA06-C9E3-B6F0-19FD-47D70A316E01}.Release|Any CPU.Build.0 = Release|Any CPU
	EndGlobalSection
	GlobalSection(SolutionProperties) = preSolution
		HideSolutionNode = FALSE
	EndGlobalSection
	GlobalSection(MonoDevelopProperties) = preSolution
		StartupItem = Assembly-CSharp.csproj
	EndGlobalSection
EndGlobal
